<?xml version="1.0" encoding="utf-8"?>
<Project ToolsVersion="4.0" xmlns="http://schemas.microsoft.com/developer/msbuild/2003">
  <ItemGroup>
    <Filter Include="リソース ファイル">
      <UniqueIdentifier>{67DA6AB6-F800-4c08-8B7A-83BB121AAD01}</UniqueIdentifier>
      <Extensions>rc;ico;cur;bmp;dlg;rc2;rct;bin;rgs;gif;jpg;jpeg;jpe;resx;tiff;tif;png;wav;mfcribbon-ms</Extensions>
    </Filter>
    <Filter Include="Component">
      <UniqueIdentifier>{164a6a01-21ca-4246-a2e9-cc4f483a74b3}</UniqueIdentifier>
    </Filter>
    <Filter Include="Component\Graphic">
      <UniqueIdentifier>{ae7c9efb-a0a9-4795-a063-8823ac0ac1f4}</UniqueIdentifier>
    </Filter>
    <Filter Include="Component\Base">
      <UniqueIdentifier>{b1880ac5-f1cd-490a-95db-43650fbcf02c}</UniqueIdentifier>
    </Filter>
    <Filter Include="UI">
      <UniqueIdentifier>{172a866d-cc7a-41b3-96e6-bddcc6fd257f}</UniqueIdentifier>
    </Filter>
    <Filter Include="UI\Base">
      <UniqueIdentifier>{d732b3cf-9653-45ef-abce-4914aa996359}</UniqueIdentifier>
    </Filter>
    <Filter Include="Actor">
      <UniqueIdentifier>{c6d226a3-ea14-4701-80b6-f48cb6ad9710}</UniqueIdentifier>
    </Filter>
    <Filter Include="Actor\Base">
      <UniqueIdentifier>{4ef23221-887e-477b-ba0d-792640f8216e}</UniqueIdentifier>
    </Filter>
    <Filter Include="Actor\Player">
      <UniqueIdentifier>{afa7e61c-6b88-49ab-b8f2-bdc6d6483c00}</UniqueIdentifier>
    </Filter>
    <Filter Include="Component\State">
      <UniqueIdentifier>{315b052e-9e9e-4e89-91cc-77fd7faad023}</UniqueIdentifier>
    </Filter>
  </ItemGroup>
  <ItemGroup>
    <ResourceCompile Include="resource.rc">
      <Filter>リソース ファイル</Filter>
    </ResourceCompile>
  </ItemGroup>
  <ItemGroup>
    <None Include="cpp.hint">
      <Filter>リソース ファイル</Filter>
    </None>
  </ItemGroup>
  <ItemGroup>
    <ClCompile Include="gmain.cpp" />
    <ClCompile Include="Game.cpp" />
    <ClCompile Include="Renderer.cpp" />
    <ClCompile Include="MeshComponent.cpp">
      <Filter>Component\Graphic</Filter>
    </ClCompile>
    <ClCompile Include="SpriteComponent.cpp">
      <Filter>Component\Graphic</Filter>
    </ClCompile>
    <ClCompile Include="TreeMeshComponent.cpp">
      <Filter>Component\Graphic</Filter>
    </ClCompile>
    <ClCompile Include="Component.cpp">
      <Filter>Component\Base</Filter>
    </ClCompile>
    <ClCompile Include="InputComponent.cpp">
      <Filter>Component</Filter>
    </ClCompile>
    <ClCompile Include="MoveComponent.cpp">
      <Filter>Component</Filter>
    </ClCompile>
    <ClCompile Include="UIButton.cpp">
      <Filter>UI</Filter>
    </ClCompile>
    <ClCompile Include="UIPause.cpp">
      <Filter>UI</Filter>
    </ClCompile>
    <ClCompile Include="UIQuit.cpp">
      <Filter>UI</Filter>
    </ClCompile>
    <ClCompile Include="UIScreen.cpp">
      <Filter>UI\Base</Filter>
    </ClCompile>
    <ClCompile Include="Actor.cpp">
      <Filter>Actor\Base</Filter>
    </ClCompile>
    <ClCompile Include="BatchMeshComponent.cpp">
      <Filter>Component\Graphic</Filter>
    </ClCompile>
    <ClCompile Include="Player.cpp">
      <Filter>Actor\Player</Filter>
    </ClCompile>
    <ClCompile Include="StateComponent.cpp">
      <Filter>Component\State</Filter>
    </ClCompile>
    <ClCompile Include="PlayerStates.cpp">
      <Filter>Actor\Player</Filter>
    </ClCompile>
  </ItemGroup>
  <ItemGroup>
    <ClInclude Include="Game.h" />
    <ClInclude Include="Renderer.h" />
    <ClInclude Include="MeshComponent.h">
      <Filter>Component\Graphic</Filter>
    </ClInclude>
    <ClInclude Include="SpriteComponent.h">
      <Filter>Component\Graphic</Filter>
    </ClInclude>
    <ClInclude Include="TreeMeshComponent.h">
      <Filter>Component\Graphic</Filter>
    </ClInclude>
    <ClInclude Include="Component.h">
      <Filter>Component\Base</Filter>
    </ClInclude>
    <ClInclude Include="InputComponent.h">
      <Filter>Component</Filter>
    </ClInclude>
    <ClInclude Include="MoveComponent.h">
      <Filter>Component</Filter>
    </ClInclude>
    <ClInclude Include="UIButton.h">
      <Filter>UI</Filter>
    </ClInclude>
    <ClInclude Include="UIPause.h">
      <Filter>UI</Filter>
    </ClInclude>
    <ClInclude Include="UIQuit.h">
      <Filter>UI</Filter>
    </ClInclude>
    <ClInclude Include="UIScreen.h">
      <Filter>UI\Base</Filter>
    </ClInclude>
    <ClInclude Include="Actor.h">
      <Filter>Actor\Base</Filter>
    </ClInclude>
    <ClInclude Include="BatchMeshComponent.h">
      <Filter>Component\Graphic</Filter>
    </ClInclude>
    <ClInclude Include="Player.h">
      <Filter>Actor\Player</Filter>
    </ClInclude>
    <ClInclude Include="State.h">
      <Filter>Component\State</Filter>
    </ClInclude>
    <ClInclude Include="StateComponent.h">
      <Filter>Component\State</Filter>
    </ClInclude>
    <ClInclude Include="PlayerStates.h">
      <Filter>Actor\Player</Filter>
    </ClInclude>
  </ItemGroup>
</Project>